{
  "nodes": {
    "crane": {
      "inputs": {
        "nixpkgs": [
          "flake-checker",
          "nixpkgs"
        ]
      },
      "locked": {
        "lastModified": 1717383740,
        "narHash": "sha256-559HbY4uhNeoYvK3H6AMZAtVfmR3y8plXZ1x6ON/cWU=",
        "rev": "b65673fce97d277934488a451724be94cc62499a",
        "revCount": 580,
        "type": "tarball",
        "url": "https://api.flakehub.com/f/pinned/ipetkov/crane/0.17.3/018fdc0e-176b-7a0f-92ce-cc2d0db7b735/source.tar.gz"
      },
      "original": {
        "type": "tarball",
        "url": "https://flakehub.com/f/ipetkov/crane/0.17.%2A"
      }
    },
    "flake-checker": {
      "inputs": {
        "crane": "crane",
        "nixpkgs": "nixpkgs",
        "rust-overlay": "rust-overlay"
      },
      "locked": {
        "lastModified": 1726981734,
        "narHash": "sha256-mX7q9ZRtod1UGFzHkpRK2EDqlstPCK9WOBdIDFepRHQ=",
        "owner": "DeterminateSystems",
        "repo": "flake-checker",
        "rev": "af5a334d513f2e8b54df0296361a18c6112c04d2",
        "type": "github"
      },
      "original": {
        "owner": "DeterminateSystems",
        "repo": "flake-checker",
        "type": "github"
      }
    },
    "flake-parts": {
      "inputs": {
        "nixpkgs-lib": [
          "nixpkgs"
        ]
      },
      "locked": {
        "lastModified": 1727826117,
        "narHash": "sha256-K5ZLCyfO/Zj9mPFldf3iwS6oZStJcU4tSpiXTMYaaL0=",
        "owner": "hercules-ci",
        "repo": "flake-parts",
        "rev": "3d04084d54bedc3d6b8b736c70ef449225c361b1",
        "type": "github"
      },
      "original": {
        "owner": "hercules-ci",
        "repo": "flake-parts",
        "type": "github"
      }
    },
    "git-hooks": {
      "inputs": {
        "flake-compat": [],
        "gitignore": "gitignore",
        "nixpkgs": [
          "nixpkgs"
        ],
        "nixpkgs-stable": []
      },
      "locked": {
        "lastModified": 1729104314,
        "narHash": "sha256-pZRZsq5oCdJt3upZIU4aslS9XwFJ+/nVtALHIciX/BI=",
        "owner": "cachix",
        "repo": "git-hooks.nix",
        "rev": "3c3e88f0f544d6bb54329832616af7eb971b6be6",
        "type": "github"
      },
      "original": {
        "owner": "cachix",
        "repo": "git-hooks.nix",
        "type": "github"
      }
    },
    "gitignore": {
      "inputs": {
        "nixpkgs": [
          "git-hooks",
          "nixpkgs"
        ]
      },
      "locked": {
        "lastModified": 1709087332,
        "narHash": "sha256-HG2cCnktfHsKV0s4XW83gU3F57gaTljL9KNSuG6bnQs=",
        "owner": "hercules-ci",
        "repo": "gitignore.nix",
        "rev": "637db329424fd7e46cf4185293b9cc8c88c95394",
        "type": "github"
      },
      "original": {
        "owner": "hercules-ci",
        "repo": "gitignore.nix",
        "type": "github"
      }
    },
    "nixpkgs": {
      "locked": {
        "lastModified": 1726838390,
        "narHash": "sha256-NmcVhGElxDbmEWzgXsyAjlRhUus/nEqPC5So7BOJLUM=",
        "rev": "944b2aea7f0a2d7c79f72468106bc5510cbf5101",
        "revCount": 635367,
        "type": "tarball",
        "url": "https://api.flakehub.com/f/pinned/NixOS/nixpkgs/0.2405.635367%2Brev-944b2aea7f0a2d7c79f72468106bc5510cbf5101/019213de-4759-79c6-b638-0878c1fd0179/source.tar.gz"
      },
      "original": {
        "type": "tarball",
        "url": "https://flakehub.com/f/NixOS/nixpkgs/0.2405.%2A"
      }
    },
    "nixpkgs_2": {
      "locked": {
        "lastModified": 1728909085,
        "narHash": "sha256-WLxED18lodtQiayIPDE5zwAfkPJSjHJ35UhZ8h3cJUg=",
        "owner": "NixOS",
        "repo": "nixpkgs",
        "rev": "c0b1da36f7c34a7146501f684e9ebdf15d2bebf8",
        "type": "github"
      },
      "original": {
        "owner": "NixOS",
        "ref": "nixos-24.05",
        "repo": "nixpkgs",
        "type": "github"
      }
    },
    "root": {
      "inputs": {
        "flake-checker": "flake-checker",
        "flake-parts": "flake-parts",
        "git-hooks": "git-hooks",
        "nixpkgs": "nixpkgs_2",
        "systems": "systems",
        "treefmt-nix": "treefmt-nix"
      }
    },
    "rust-overlay": {
      "inputs": {
        "nixpkgs": [
          "flake-checker",
          "nixpkgs"
        ]
      },
      "locked": {
        "lastModified": 1719800573,
        "narHash": "sha256-9DLgG4T6l7cc4pJNOCcXGUwHsFfUp8KLsiwed65MdHk=",
        "owner": "oxalica",
        "repo": "rust-overlay",
        "rev": "648b25dd9c3acd255dc50c1eb3ca8b987856f675",
        "type": "github"
      },
      "original": {
        "owner": "oxalica",
        "repo": "rust-overlay",
        "type": "github"
      }
    },
    "systems": {
      "locked": {
        "lastModified": 1681028828,
        "narHash": "sha256-Vy1rq5AaRuLzOxct8nz4T6wlgyUR7zLU309k9mBC768=",
        "owner": "nix-systems",
        "repo": "default",
        "rev": "da67096a3b9bf56a91d16901293e51ba5b49a27e",
        "type": "github"
      },
      "original": {
        "owner": "nix-systems",
        "repo": "default",
        "type": "github"
      }
    },
    "treefmt-nix": {
      "inputs": {
        "nixpkgs": [
          "nixpkgs"
        ]
      },
      "locked": {
        "lastModified": 1729077719,
        "narHash": "sha256-zayHqZO9gA1U85c4CPvVSnLV8/cBgc2yVrSKWaKeBUs=",
        "owner": "numtide",
        "repo": "treefmt-nix",
        "rev": "5307ba60125bb024d7e52d71d582eafd511f3fee",
        "type": "github"
      },
      "original": {
        "owner": "numtide",
        "repo": "treefmt-nix",
        "type": "github"
      }
    }
  },
  "root": "root",
  "version": 7
}
